
Microsoft Visual Studio Solution File, Format Version 12.00
# Visual Studio Version 16
VisualStudioVersion = 16.0.30907.101
MinimumVisualStudioVersion = 10.0.40219.1
Project("{FAE04EC0-301F-11D3-BF4B-00C04F79EFBC}") = "DevConfiguration", "DevConfiguration\DevConfiguration.csproj", "{E1E683B1-67A7-4EE7-A6FC-45E181A867B3}"
EndProject
Global
	GlobalSection(SolutionConfigurationPlatforms) = preSolution
		Debug|Any CPU = Debug|Any CPU
		Release|Any CPU = Release|Any CPU
	EndGlobalSection
	GlobalSection(ProjectConfigurationPlatforms) = postSolution
		{E1E683B1-67A7-4EE7-A6FC-45E181A867B3}.Debug|Any CPU.ActiveCfg = Debug|Any CPU
		{E1E683B1-67A7-4EE7-A6FC-45E181A867B3}.Debug|Any CPU.Build.0 = Debug|Any CPU
		{E1E683B1-67A7-4EE7-A6FC-45E181A867B3}.Release|Any CPU.ActiveCfg = Release|Any CPU
		{E1E683B1-67A7-4EE7-A6FC-45E181A867B3}.Release|Any CPU.Build.0 = Release|Any CPU
	EndGlobalSection
	GlobalSection(SolutionProperties) = preSolution
		HideSolutionNode = FALSE
	EndGlobalSection
	GlobalSection(ExtensibilityGlobals) = postSolution
		SolutionGuid = {9EA3A494-C2E9-479D-ABA6-23271C785977}
	EndGlobalSection
EndGlobal
