
Microsoft Visual Studio Solution File, Format Version 12.00
# Visual Studio Version 16
VisualStudioVersion = 16.0.30907.101
MinimumVisualStudioVersion = 10.0.40219.1
Project("{FAE04EC0-301F-11D3-BF4B-00C04F79EFBC}") = "DeTheme", "DeTheme\DeTheme.csproj", "{821930C5-BDCA-427E-AD00-1F8B08E2A22E}"
EndProject
Global
	GlobalSection(SolutionConfigurationPlatforms) = preSolution
		Debug|Any CPU = Debug|Any CPU
		Release|Any CPU = Release|Any CPU
	EndGlobalSection
	GlobalSection(ProjectConfigurationPlatforms) = postSolution
		{821930C5-BDCA-427E-AD00-1F8B08E2A22E}.Debug|Any CPU.ActiveCfg = Debug|Any CPU
		{821930C5-BDCA-427E-AD00-1F8B08E2A22E}.Debug|Any CPU.Build.0 = Debug|Any CPU
		{821930C5-BDCA-427E-AD00-1F8B08E2A22E}.Release|Any CPU.ActiveCfg = Release|Any CPU
		{821930C5-BDCA-427E-AD00-1F8B08E2A22E}.Release|Any CPU.Build.0 = Release|Any CPU
	EndGlobalSection
	GlobalSection(SolutionProperties) = preSolution
		HideSolutionNode = FALSE
	EndGlobalSection
	GlobalSection(ExtensibilityGlobals) = postSolution
		SolutionGuid = {8D600051-9CA4-4945-91AA-CD01CAF164E6}
	EndGlobalSection
EndGlobal
